
Microsoft Visual Studio Solution File, Format Version 12.00
# Visual Studio Version 17
VisualStudioVersion = 17.2.32602.215
MinimumVisualStudioVersion = 10.0.40219.1
Project("{9A19103F-16F7-4668-BE54-9A1E7A4F7556}") = "Plaincat", "Plaincat\Plaincat.csproj", "{D4A5DC31-F583-4C91-B26D-25D0E095BC47}"
EndProject
Global
	GlobalSection(SolutionConfigurationPlatforms) = preSolution
		Debug|Any CPU = Debug|Any CPU
		Release|Any CPU = Release|Any CPU
	EndGlobalSection
	GlobalSection(ProjectConfigurationPlatforms) = postSolution
		{D4A5DC31-F583-4C91-B26D-25D0E095BC47}.Debug|Any CPU.ActiveCfg = Debug|Any CPU
		{D4A5DC31-F583-4C91-B26D-25D0E095BC47}.Debug|Any CPU.Build.0 = Debug|Any CPU
		{D4A5DC31-F583-4C91-B26D-25D0E095BC47}.Release|Any CPU.ActiveCfg = Release|Any CPU
		{D4A5DC31-F583-4C91-B26D-25D0E095BC47}.Release|Any CPU.Build.0 = Release|Any CPU
	EndGlobalSection
	GlobalSection(SolutionProperties) = preSolution
		HideSolutionNode = FALSE
	EndGlobalSection
	GlobalSection(ExtensibilityGlobals) = postSolution
		SolutionGuid = {0A87B1EF-2135-4B73-B5B3-E116F5DD4B82}
	EndGlobalSection
EndGlobal
